
Microsoft Visual Studio Solution File, Format Version 12.00
# Visual Studio Version 16
VisualStudioVersion = 16.0.31205.134
MinimumVisualStudioVersion = 10.0.40219.1
Project("{FAE04EC0-301F-11D3-BF4B-00C04F79EFBC}") = "SpreadsheetApp", "SpreadsheetApp.csproj", "{34A9E8A3-527D-4E3A-9582-29110A14FF63}"
EndProject
Global
	GlobalSection(SolutionConfigurationPlatforms) = preSolution
		Debug|Any CPU = Debug|Any CPU
		Release|Any CPU = Release|Any CPU
	EndGlobalSection
	GlobalSection(ProjectConfigurationPlatforms) = postSolution
		{34A9E8A3-527D-4E3A-9582-29110A14FF63}.Debug|Any CPU.ActiveCfg = Debug|Any CPU
		{34A9E8A3-527D-4E3A-9582-29110A14FF63}.Debug|Any CPU.Build.0 = Debug|Any CPU
		{34A9E8A3-527D-4E3A-9582-29110A14FF63}.Release|Any CPU.ActiveCfg = Release|Any CPU
		{34A9E8A3-527D-4E3A-9582-29110A14FF63}.Release|Any CPU.Build.0 = Release|Any CPU
	EndGlobalSection
	GlobalSection(SolutionProperties) = preSolution
		HideSolutionNode = FALSE
	EndGlobalSection
	GlobalSection(ExtensibilityGlobals) = postSolution
		SolutionGuid = {03637F79-66E4-485C-BC6B-3F5A25B1966F}
	EndGlobalSection
EndGlobal
